github.com/airlockrun/goai v0.1.7 h1:ismlXsj9KC9iJDNwPK2vqadShyH3DLupm69uhzvx5AY=
github.com/airlockrun/goai v0.1.7/go.mod h1:bwFi12cS+TAyr8SjW7s48WMnsuKWx8PeNcxbIWJ4drM=
github.com/coder/websocket v1.8.14 h1:9L0p0iKiNOibykf283eHkKUHHrpG7f65OE3BhhO7v9g=
github.com/coder/websocket v1.8.14/go.mod h1:NX3SzP+inril6yawo5CQXx8+fk145lPDC6pumgx0mVg=
golang.org/x/net v0.52.0 h1:He/TN1l0e4mmR3QqHMT2Xab3Aj3L9qjbhRm78/6jrW0=
golang.org/x/net v0.52.0/go.mod h1:R1MAz7uMZxVMualyPXb+VaqGSa3LIaUqk0eEt3w36Sw=
