github.com/airlockrun/goai v0.1.2 h1:hrBAnjsHuClDREIxTQ0v1yA3Ri9uSe4QWV+r8hoO8cI=
github.com/airlockrun/goai v0.1.2/go.mod h1:bwFi12cS+TAyr8SjW7s48WMnsuKWx8PeNcxbIWJ4drM=
golang.org/x/net v0.49.0 h1:eeHFmOGUTtaaPSGNmjBKpbng9MulQsJURQUAfUwY++o=
golang.org/x/net v0.49.0/go.mod h1:/ysNB2EvaqvesRkuLAyjI1ycPZlQHM3q01F02UY/MV8=
